// !$*UTF8*$!
{
	archiveVersion = 1;
	classes = {
	};
	objectVersion = 50;
	objects = {

/* Begin PBXBuildFile section */
		E107F1E822E89715003194B9 /* ZARequestItem.m in Sources */ = {isa = PBXBuildFile; fileRef = E107F1E722E89715003194B9 /* ZARequestItem.m */; };
		E1156F1022E052980056D8FB /* Reachability.m in Sources */ = {isa = PBXBuildFile; fileRef = E1156F0F22E052980056D8FB /* Reachability.m */; };
		E134592822DE1A58001143AC /* ZAImageCache.m in Sources */ = {isa = PBXBuildFile; fileRef = E134592622DE1A58001143AC /* ZAImageCache.m */; };
		EC4DF10322CC9E8A0049DBFF /* AppDelegate.m in Sources */ = {isa = PBXBuildFile; fileRef = EC4DF10222CC9E8A0049DBFF /* AppDelegate.m */; };
		EC4DF10622CC9E8A0049DBFF /* ViewController.m in Sources */ = {isa = PBXBuildFile; fileRef = EC4DF10522CC9E8A0049DBFF /* ViewController.m */; };
		EC4DF10922CC9E8A0049DBFF /* Main.storyboard in Resources */ = {isa = PBXBuildFile; fileRef = EC4DF10722CC9E8A0049DBFF /* Main.storyboard */; };
		EC4DF10B22CC9E8A0049DBFF /* Assets.xcassets in Resources */ = {isa = PBXBuildFile; fileRef = EC4DF10A22CC9E8A0049DBFF /* Assets.xcassets */; };
		EC4DF10E22CC9E8A0049DBFF /* LaunchScreen.storyboard in Resources */ = {isa = PBXBuildFile; fileRef = EC4DF10C22CC9E8A0049DBFF /* LaunchScreen.storyboard */; };
		EC4DF11122CC9E8A0049DBFF /* main.m in Sources */ = {isa = PBXBuildFile; fileRef = EC4DF11022CC9E8A0049DBFF /* main.m */; };
		EC4DF11B22CC9E8B0049DBFF /* ZASmartDownloaderTests.m in Sources */ = {isa = PBXBuildFile; fileRef = EC4DF11A22CC9E8B0049DBFF /* ZASmartDownloaderTests.m */; };
		EC4DF12622CC9E8B0049DBFF /* ZASmartDownloaderUITests.m in Sources */ = {isa = PBXBuildFile; fileRef = EC4DF12522CC9E8B0049DBFF /* ZASmartDownloaderUITests.m */; };
		ECB2EE4222CCAB6900BCB30E /* ZACommonDownloadItem.m in Sources */ = {isa = PBXBuildFile; fileRef = ECB2EE4122CCAB6900BCB30E /* ZACommonDownloadItem.m */; };
		F227D25D253FFD2400D83ED4 /* DownloadItem.m in Sources */ = {isa = PBXBuildFile; fileRef = F227D25C253FFD2400D83ED4 /* DownloadItem.m */; };
		F227D2602540048D00D83ED4 /* ZADownloadManager.m in Sources */ = {isa = PBXBuildFile; fileRef = F227D25F2540048D00D83ED4 /* ZADownloadManager.m */; };
		F24830A025407F2100539EAF /* DownloadItemTableViewCell.m in Sources */ = {isa = PBXBuildFile; fileRef = F248309F25407F2100539EAF /* DownloadItemTableViewCell.m */; };
		F24830A42540880400539EAF /* UIView+Extension.m in Sources */ = {isa = PBXBuildFile; fileRef = F24830A32540880400539EAF /* UIView+Extension.m */; };
		F24F4F94254155E700DFC2CF /* NSFileManager+Extension.m in Sources */ = {isa = PBXBuildFile; fileRef = F24F4F93254155E700DFC2CF /* NSFileManager+Extension.m */; };
		F24F4F9A2541597100DFC2CF /* NSURL+Extension.m in Sources */ = {isa = PBXBuildFile; fileRef = F24F4F992541597000DFC2CF /* NSURL+Extension.m */; };
/* End PBXBuildFile section */

/* Begin PBXContainerItemProxy section */
		EC4DF11722CC9E8B0049DBFF /* PBXContainerItemProxy */ = {
			isa = PBXContainerItemProxy;
			containerPortal = EC4DF0F622CC9E8A0049DBFF /* Project object */;
			proxyType = 1;
			remoteGlobalIDString = EC4DF0FD22CC9E8A0049DBFF;
			remoteInfo = ZASmartDownloader;
		};
		EC4DF12222CC9E8B0049DBFF /* PBXContainerItemProxy */ = {
			isa = PBXContainerItemProxy;
			containerPortal = EC4DF0F622CC9E8A0049DBFF /* Project object */;
			proxyType = 1;
			remoteGlobalIDString = EC4DF0FD22CC9E8A0049DBFF;
			remoteInfo = ZASmartDownloader;
		};
/* End PBXContainerItemProxy section */

/* Begin PBXFileReference section */
		E107F1E622E89715003194B9 /* ZARequestItem.h */ = {isa = PBXFileReference; lastKnownFileType = sourcecode.c.h; path = ZARequestItem.h; sourceTree = "<group>"; };
		E107F1E722E89715003194B9 /* ZARequestItem.m */ = {isa = PBXFileReference; lastKnownFileType = sourcecode.c.objc; path = ZARequestItem.m; sourceTree = "<group>"; };
		E1156F0E22E052980056D8FB /* Reachability.h */ = {isa = PBXFileReference; fileEncoding = 4; lastKnownFileType = sourcecode.c.h; path = Reachability.h; sourceTree = "<group>"; };
		E1156F0F22E052980056D8FB /* Reachability.m */ = {isa = PBXFileReference; fileEncoding = 4; lastKnownFileType = sourcecode.c.objc; path = Reachability.m; sourceTree = "<group>"; };
		E134592622DE1A58001143AC /* ZAImageCache.m */ = {isa = PBXFileReference; fileEncoding = 4; lastKnownFileType = sourcecode.c.objc; path = ZAImageCache.m; sourceTree = "<group>"; };
		E134592722DE1A58001143AC /* ZAImageCache.h */ = {isa = PBXFileReference; fileEncoding = 4; lastKnownFileType = sourcecode.c.h; path = ZAImageCache.h; sourceTree = "<group>"; };
		EC4DF0FE22CC9E8A0049DBFF /* ZASmartDownloader.app */ = {isa = PBXFileReference; explicitFileType = wrapper.application; includeInIndex = 0; path = ZASmartDownloader.app; sourceTree = BUILT_PRODUCTS_DIR; };
		EC4DF10122CC9E8A0049DBFF /* AppDelegate.h */ = {isa = PBXFileReference; lastKnownFileType = sourcecode.c.h; path = AppDelegate.h; sourceTree = "<group>"; };
		EC4DF10222CC9E8A0049DBFF /* AppDelegate.m */ = {isa = PBXFileReference; lastKnownFileType = sourcecode.c.objc; path = AppDelegate.m; sourceTree = "<group>"; };
		EC4DF10422CC9E8A0049DBFF /* ViewController.h */ = {isa = PBXFileReference; lastKnownFileType = sourcecode.c.h; path = ViewController.h; sourceTree = "<group>"; };
		EC4DF10522CC9E8A0049DBFF /* ViewController.m */ = {isa = PBXFileReference; lastKnownFileType = sourcecode.c.objc; path = ViewController.m; sourceTree = "<group>"; };
		EC4DF10822CC9E8A0049DBFF /* Base */ = {isa = PBXFileReference; lastKnownFileType = file.storyboard; name = Base; path = Base.lproj/Main.storyboard; sourceTree = "<group>"; };
		EC4DF10A22CC9E8A0049DBFF /* Assets.xcassets */ = {isa = PBXFileReference; lastKnownFileType = folder.assetcatalog; path = Assets.xcassets; sourceTree = "<group>"; };
		EC4DF10D22CC9E8A0049DBFF /* Base */ = {isa = PBXFileReference; lastKnownFileType = file.storyboard; name = Base; path = Base.lproj/LaunchScreen.storyboard; sourceTree = "<group>"; };
		EC4DF10F22CC9E8A0049DBFF /* Info.plist */ = {isa = PBXFileReference; lastKnownFileType = text.plist.xml; path = Info.plist; sourceTree = "<group>"; };
		EC4DF11022CC9E8A0049DBFF /* main.m */ = {isa = PBXFileReference; lastKnownFileType = sourcecode.c.objc; path = main.m; sourceTree = "<group>"; };
		EC4DF11622CC9E8B0049DBFF /* ZASmartDownloaderTests.xctest */ = {isa = PBXFileReference; explicitFileType = wrapper.cfbundle; includeInIndex = 0; path = ZASmartDownloaderTests.xctest; sourceTree = BUILT_PRODUCTS_DIR; };
		EC4DF11A22CC9E8B0049DBFF /* ZASmartDownloaderTests.m */ = {isa = PBXFileReference; lastKnownFileType = sourcecode.c.objc; path = ZASmartDownloaderTests.m; sourceTree = "<group>"; };
		EC4DF11C22CC9E8B0049DBFF /* Info.plist */ = {isa = PBXFileReference; lastKnownFileType = text.plist.xml; path = Info.plist; sourceTree = "<group>"; };
		EC4DF12122CC9E8B0049DBFF /* ZASmartDownloaderUITests.xctest */ = {isa = PBXFileReference; explicitFileType = wrapper.cfbundle; includeInIndex = 0; path = ZASmartDownloaderUITests.xctest; sourceTree = BUILT_PRODUCTS_DIR; };
		EC4DF12522CC9E8B0049DBFF /* ZASmartDownloaderUITests.m */ = {isa = PBXFileReference; lastKnownFileType = sourcecode.c.objc; path = ZASmartDownloaderUITests.m; sourceTree = "<group>"; };
		EC4DF12722CC9E8B0049DBFF /* Info.plist */ = {isa = PBXFileReference; lastKnownFileType = text.plist.xml; path = Info.plist; sourceTree = "<group>"; };
		ECB2EE4022CCAB6900BCB30E /* ZACommonDownloadItem.h */ = {isa = PBXFileReference; lastKnownFileType = sourcecode.c.h; path = ZACommonDownloadItem.h; sourceTree = "<group>"; };
		ECB2EE4122CCAB6900BCB30E /* ZACommonDownloadItem.m */ = {isa = PBXFileReference; lastKnownFileType = sourcecode.c.objc; path = ZACommonDownloadItem.m; sourceTree = "<group>"; };
		F227D25B253FFD2400D83ED4 /* DownloadItem.h */ = {isa = PBXFileReference; lastKnownFileType = sourcecode.c.h; path = DownloadItem.h; sourceTree = "<group>"; };
		F227D25C253FFD2400D83ED4 /* DownloadItem.m */ = {isa = PBXFileReference; lastKnownFileType = sourcecode.c.objc; path = DownloadItem.m; sourceTree = "<group>"; };
		F227D25E2540048D00D83ED4 /* ZADownloadManager.h */ = {isa = PBXFileReference; lastKnownFileType = sourcecode.c.h; path = ZADownloadManager.h; sourceTree = "<group>"; };
		F227D25F2540048D00D83ED4 /* ZADownloadManager.m */ = {isa = PBXFileReference; lastKnownFileType = sourcecode.c.objc; path = ZADownloadManager.m; sourceTree = "<group>"; };
		F248309E25407F2100539EAF /* DownloadItemTableViewCell.h */ = {isa = PBXFileReference; lastKnownFileType = sourcecode.c.h; path = DownloadItemTableViewCell.h; sourceTree = "<group>"; };
		F248309F25407F2100539EAF /* DownloadItemTableViewCell.m */ = {isa = PBXFileReference; lastKnownFileType = sourcecode.c.objc; path = DownloadItemTableViewCell.m; sourceTree = "<group>"; };
		F24830A22540880400539EAF /* UIView+Extension.h */ = {isa = PBXFileReference; lastKnownFileType = sourcecode.c.h; path = "UIView+Extension.h"; sourceTree = "<group>"; };
		F24830A32540880400539EAF /* UIView+Extension.m */ = {isa = PBXFileReference; lastKnownFileType = sourcecode.c.objc; path = "UIView+Extension.m"; sourceTree = "<group>"; };
		F24F4F8D2541535E00DFC2CF /* LDCommonMacros.h */ = {isa = PBXFileReference; lastKnownFileType = sourcecode.c.h; path = LDCommonMacros.h; sourceTree = "<group>"; };
		F24F4F92254155E700DFC2CF /* NSFileManager+Extension.h */ = {isa = PBXFileReference; lastKnownFileType = sourcecode.c.h; path = "NSFileManager+Extension.h"; sourceTree = "<group>"; };
		F24F4F93254155E700DFC2CF /* NSFileManager+Extension.m */ = {isa = PBXFileReference; lastKnownFileType = sourcecode.c.objc; path = "NSFileManager+Extension.m"; sourceTree = "<group>"; };
		F24F4F982541597000DFC2CF /* NSURL+Extension.h */ = {isa = PBXFileReference; lastKnownFileType = sourcecode.c.h; path = "NSURL+Extension.h"; sourceTree = "<group>"; };
		F24F4F992541597000DFC2CF /* NSURL+Extension.m */ = {isa = PBXFileReference; lastKnownFileType = sourcecode.c.objc; path = "NSURL+Extension.m"; sourceTree = "<group>"; };
/* End PBXFileReference section */

/* Begin PBXFrameworksBuildPhase section */
		EC4DF0FB22CC9E8A0049DBFF /* Frameworks */ = {
			isa = PBXFrameworksBuildPhase;
			buildActionMask = 2147483647;
			files = (
			);
			runOnlyForDeploymentPostprocessing = 0;
		};
		EC4DF11322CC9E8B0049DBFF /* Frameworks */ = {
			isa = PBXFrameworksBuildPhase;
			buildActionMask = 2147483647;
			files = (
			);
			runOnlyForDeploymentPostprocessing = 0;
		};
		EC4DF11E22CC9E8B0049DBFF /* Frameworks */ = {
			isa = PBXFrameworksBuildPhase;
			buildActionMask = 2147483647;
			files = (
			);
			runOnlyForDeploymentPostprocessing = 0;
		};
/* End PBXFrameworksBuildPhase section */

/* Begin PBXGroup section */
		E1156F0D22E0528D0056D8FB /* Reachability */ = {
			isa = PBXGroup;
			children = (
				E1156F0E22E052980056D8FB /* Reachability.h */,
				E1156F0F22E052980056D8FB /* Reachability.m */,
			);
			path = Reachability;
			sourceTree = "<group>";
		};
		EC4DF0F522CC9E8A0049DBFF = {
			isa = PBXGroup;
			children = (
				EC4DF10022CC9E8A0049DBFF /* ZASmartDownloader */,
				EC4DF11922CC9E8B0049DBFF /* ZASmartDownloaderTests */,
				EC4DF12422CC9E8B0049DBFF /* ZASmartDownloaderUITests */,
				EC4DF0FF22CC9E8A0049DBFF /* Products */,
			);
			sourceTree = "<group>";
		};
		EC4DF0FF22CC9E8A0049DBFF /* Products */ = {
			isa = PBXGroup;
			children = (
				EC4DF0FE22CC9E8A0049DBFF /* ZASmartDownloader.app */,
				EC4DF11622CC9E8B0049DBFF /* ZASmartDownloaderTests.xctest */,
				EC4DF12122CC9E8B0049DBFF /* ZASmartDownloaderUITests.xctest */,
			);
			name = Products;
			sourceTree = "<group>";
		};
		EC4DF10022CC9E8A0049DBFF /* ZASmartDownloader */ = {
			isa = PBXGroup;
			children = (
				F24F4F872541517300DFC2CF /* Business */,
				F24F4F832541515D00DFC2CF /* Presentations */,
				EC4DF10122CC9E8A0049DBFF /* AppDelegate.h */,
				EC4DF10222CC9E8A0049DBFF /* AppDelegate.m */,
				EC4DF10422CC9E8A0049DBFF /* ViewController.h */,
				EC4DF10522CC9E8A0049DBFF /* ViewController.m */,
				EC4DF10722CC9E8A0049DBFF /* Main.storyboard */,
				EC4DF10A22CC9E8A0049DBFF /* Assets.xcassets */,
				EC4DF10C22CC9E8A0049DBFF /* LaunchScreen.storyboard */,
				EC4DF10F22CC9E8A0049DBFF /* Info.plist */,
				EC4DF11022CC9E8A0049DBFF /* main.m */,
			);
			path = ZASmartDownloader;
			sourceTree = "<group>";
		};
		EC4DF11922CC9E8B0049DBFF /* ZASmartDownloaderTests */ = {
			isa = PBXGroup;
			children = (
				EC4DF11A22CC9E8B0049DBFF /* ZASmartDownloaderTests.m */,
				EC4DF11C22CC9E8B0049DBFF /* Info.plist */,
			);
			path = ZASmartDownloaderTests;
			sourceTree = "<group>";
		};
		EC4DF12422CC9E8B0049DBFF /* ZASmartDownloaderUITests */ = {
			isa = PBXGroup;
			children = (
				EC4DF12522CC9E8B0049DBFF /* ZASmartDownloaderUITests.m */,
				EC4DF12722CC9E8B0049DBFF /* Info.plist */,
			);
			path = ZASmartDownloaderUITests;
			sourceTree = "<group>";
		};
		ECB2EE3822CCA00700BCB30E /* TableViewCell */ = {
			isa = PBXGroup;
			children = (
				F248309E25407F2100539EAF /* DownloadItemTableViewCell.h */,
				F248309F25407F2100539EAF /* DownloadItemTableViewCell.m */,
			);
			path = TableViewCell;
			sourceTree = "<group>";
		};
		ECB2EE3C22CCAB5800BCB30E /* ZADownloadManager */ = {
			isa = PBXGroup;
			children = (
				F24F4F88254151A100DFC2CF /* Entities */,
				E1156F0D22E0528D0056D8FB /* Reachability */,
				E134592722DE1A58001143AC /* ZAImageCache.h */,
				E134592622DE1A58001143AC /* ZAImageCache.m */,
				F227D25E2540048D00D83ED4 /* ZADownloadManager.h */,
				F227D25F2540048D00D83ED4 /* ZADownloadManager.m */,
			);
			path = ZADownloadManager;
			sourceTree = "<group>";
		};
		F24830A1254087E500539EAF /* Extensions */ = {
			isa = PBXGroup;
			children = (
				F24830A22540880400539EAF /* UIView+Extension.h */,
				F24830A32540880400539EAF /* UIView+Extension.m */,
			);
			path = Extensions;
			sourceTree = "<group>";
		};
		F24F4F832541515D00DFC2CF /* Presentations */ = {
			isa = PBXGroup;
			children = (
				F24830A1254087E500539EAF /* Extensions */,
				ECB2EE3822CCA00700BCB30E /* TableViewCell */,
			);
			path = Presentations;
			sourceTree = "<group>";
		};
		F24F4F872541517300DFC2CF /* Business */ = {
			isa = PBXGroup;
			children = (
				F24F4F91254155CF00DFC2CF /* Extensions */,
				F24F4F8C2541532E00DFC2CF /* Common */,
				ECB2EE3C22CCAB5800BCB30E /* ZADownloadManager */,
			);
			path = Business;
			sourceTree = "<group>";
		};
		F24F4F88254151A100DFC2CF /* Entities */ = {
			isa = PBXGroup;
			children = (
				E107F1E622E89715003194B9 /* ZARequestItem.h */,
				E107F1E722E89715003194B9 /* ZARequestItem.m */,
				F227D25B253FFD2400D83ED4 /* DownloadItem.h */,
				F227D25C253FFD2400D83ED4 /* DownloadItem.m */,
				ECB2EE4022CCAB6900BCB30E /* ZACommonDownloadItem.h */,
				ECB2EE4122CCAB6900BCB30E /* ZACommonDownloadItem.m */,
			);
			path = Entities;
			sourceTree = "<group>";
		};
		F24F4F8C2541532E00DFC2CF /* Common */ = {
			isa = PBXGroup;
			children = (
				F24F4F8D2541535E00DFC2CF /* LDCommonMacros.h */,
			);
			path = Common;
			sourceTree = "<group>";
		};
		F24F4F91254155CF00DFC2CF /* Extensions */ = {
			isa = PBXGroup;
			children = (
				F24F4F92254155E700DFC2CF /* NSFileManager+Extension.h */,
				F24F4F93254155E700DFC2CF /* NSFileManager+Extension.m */,
				F24F4F982541597000DFC2CF /* NSURL+Extension.h */,
				F24F4F992541597000DFC2CF /* NSURL+Extension.m */,
			);
			path = Extensions;
			sourceTree = "<group>";
		};
/* End PBXGroup section */

/* Begin PBXNativeTarget section */
		EC4DF0FD22CC9E8A0049DBFF /* ZASmartDownloader */ = {
			isa = PBXNativeTarget;
			buildConfigurationList = EC4DF12A22CC9E8B0049DBFF /* Build configuration list for PBXNativeTarget "ZASmartDownloader" */;
			buildPhases = (
				EC4DF0FA22CC9E8A0049DBFF /* Sources */,
				EC4DF0FB22CC9E8A0049DBFF /* Frameworks */,
				EC4DF0FC22CC9E8A0049DBFF /* Resources */,
			);
			buildRules = (
			);
			dependencies = (
			);
			name = ZASmartDownloader;
			productName = ZASmartDownloader;
			productReference = EC4DF0FE22CC9E8A0049DBFF /* ZASmartDownloader.app */;
			productType = "com.apple.product-type.application";
		};
		EC4DF11522CC9E8B0049DBFF /* ZASmartDownloaderTests */ = {
			isa = PBXNativeTarget;
			buildConfigurationList = EC4DF12D22CC9E8B0049DBFF /* Build configuration list for PBXNativeTarget "ZASmartDownloaderTests" */;
			buildPhases = (
				EC4DF11222CC9E8B0049DBFF /* Sources */,
				EC4DF11322CC9E8B0049DBFF /* Frameworks */,
				EC4DF11422CC9E8B0049DBFF /* Resources */,
			);
			buildRules = (
			);
			dependencies = (
				EC4DF11822CC9E8B0049DBFF /* PBXTargetDependency */,
			);
			name = ZASmartDownloaderTests;
			productName = ZASmartDownloaderTests;
			productReference = EC4DF11622CC9E8B0049DBFF /* ZASmartDownloaderTests.xctest */;
			productType = "com.apple.product-type.bundle.unit-test";
		};
		EC4DF12022CC9E8B0049DBFF /* ZASmartDownloaderUITests */ = {
			isa = PBXNativeTarget;
			buildConfigurationList = EC4DF13022CC9E8B0049DBFF /* Build configuration list for PBXNativeTarget "ZASmartDownloaderUITests" */;
			buildPhases = (
				EC4DF11D22CC9E8B0049DBFF /* Sources */,
				EC4DF11E22CC9E8B0049DBFF /* Frameworks */,
				EC4DF11F22CC9E8B0049DBFF /* Resources */,
			);
			buildRules = (
			);
			dependencies = (
				EC4DF12322CC9E8B0049DBFF /* PBXTargetDependency */,
			);
			name = ZASmartDownloaderUITests;
			productName = ZASmartDownloaderUITests;
			productReference = EC4DF12122CC9E8B0049DBFF /* ZASmartDownloaderUITests.xctest */;
			productType = "com.apple.product-type.bundle.ui-testing";
		};
/* End PBXNativeTarget section */

/* Begin PBXProject section */
		EC4DF0F622CC9E8A0049DBFF /* Project object */ = {
			isa = PBXProject;
			attributes = {
				LastUpgradeCheck = 1020;
				ORGANIZATIONNAME = vng;
				TargetAttributes = {
					EC4DF0FD22CC9E8A0049DBFF = {
						CreatedOnToolsVersion = 10.2.1;
						SystemCapabilities = {
							com.apple.BackgroundModes = {
								enabled = 1;
							};
						};
					};
					EC4DF11522CC9E8B0049DBFF = {
						CreatedOnToolsVersion = 10.2.1;
						TestTargetID = EC4DF0FD22CC9E8A0049DBFF;
					};
					EC4DF12022CC9E8B0049DBFF = {
						CreatedOnToolsVersion = 10.2.1;
						TestTargetID = EC4DF0FD22CC9E8A0049DBFF;
					};
				};
			};
			buildConfigurationList = EC4DF0F922CC9E8A0049DBFF /* Build configuration list for PBXProject "ZASmartDownloader" */;
			compatibilityVersion = "Xcode 9.3";
			developmentRegion = en;
			hasScannedForEncodings = 0;
			knownRegions = (
				en,
				Base,
			);
			mainGroup = EC4DF0F522CC9E8A0049DBFF;
			productRefGroup = EC4DF0FF22CC9E8A0049DBFF /* Products */;
			projectDirPath = "";
			projectRoot = "";
			targets = (
				EC4DF0FD22CC9E8A0049DBFF /* ZASmartDownloader */,
				EC4DF11522CC9E8B0049DBFF /* ZASmartDownloaderTests */,
				EC4DF12022CC9E8B0049DBFF /* ZASmartDownloaderUITests */,
			);
		};
/* End PBXProject section */

/* Begin PBXResourcesBuildPhase section */
		EC4DF0FC22CC9E8A0049DBFF /* Resources */ = {
			isa = PBXResourcesBuildPhase;
			buildActionMask = 2147483647;
			files = (
				EC4DF10E22CC9E8A0049DBFF /* LaunchScreen.storyboard in Resources */,
				EC4DF10B22CC9E8A0049DBFF /* Assets.xcassets in Resources */,
				EC4DF10922CC9E8A0049DBFF /* Main.storyboard in Resources */,
			);
			runOnlyForDeploymentPostprocessing = 0;
		};
		EC4DF11422CC9E8B0049DBFF /* Resources */ = {
			isa = PBXResourcesBuildPhase;
			buildActionMask = 2147483647;
			files = (
			);
			runOnlyForDeploymentPostprocessing = 0;
		};
		EC4DF11F22CC9E8B0049DBFF /* Resources */ = {
			isa = PBXResourcesBuildPhase;
			buildActionMask = 2147483647;
			files = (
			);
			runOnlyForDeploymentPostprocessing = 0;
		};
/* End PBXResourcesBuildPhase section */

/* Begin PBXSourcesBuildPhase section */
		EC4DF0FA22CC9E8A0049DBFF /* Sources */ = {
			isa = PBXSourcesBuildPhase;
			buildActionMask = 2147483647;
			files = (
				E107F1E822E89715003194B9 /* ZARequestItem.m in Sources */,
				F227D2602540048D00D83ED4 /* ZADownloadManager.m in Sources */,
				F24830A42540880400539EAF /* UIView+Extension.m in Sources */,
				F24830A025407F2100539EAF /* DownloadItemTableViewCell.m in Sources */,
				F24F4F94254155E700DFC2CF /* NSFileManager+Extension.m in Sources */,
				EC4DF10622CC9E8A0049DBFF /* ViewController.m in Sources */,
				F24F4F9A2541597100DFC2CF /* NSURL+Extension.m in Sources */,
				E134592822DE1A58001143AC /* ZAImageCache.m in Sources */,
				E1156F1022E052980056D8FB /* Reachability.m in Sources */,
				F227D25D253FFD2400D83ED4 /* DownloadItem.m in Sources */,
				EC4DF11122CC9E8A0049DBFF /* main.m in Sources */,
				EC4DF10322CC9E8A0049DBFF /* AppDelegate.m in Sources */,
				ECB2EE4222CCAB6900BCB30E /* ZACommonDownloadItem.m in Sources */,
			);
			runOnlyForDeploymentPostprocessing = 0;
		};
		EC4DF11222CC9E8B0049DBFF /* Sources */ = {
			isa = PBXSourcesBuildPhase;
			buildActionMask = 2147483647;
			files = (
				EC4DF11B22CC9E8B0049DBFF /* ZASmartDownloaderTests.m in Sources */,
			);
			runOnlyForDeploymentPostprocessing = 0;
		};
		EC4DF11D22CC9E8B0049DBFF /* Sources */ = {
			isa = PBXSourcesBuildPhase;
			buildActionMask = 2147483647;
			files = (
				EC4DF12622CC9E8B0049DBFF /* ZASmartDownloaderUITests.m in Sources */,
			);
			runOnlyForDeploymentPostprocessing = 0;
		};
/* End PBXSourcesBuildPhase section */

/* Begin PBXTargetDependency section */
		EC4DF11822CC9E8B0049DBFF /* PBXTargetDependency */ = {
			isa = PBXTargetDependency;
			target = EC4DF0FD22CC9E8A0049DBFF /* ZASmartDownloader */;
			targetProxy = EC4DF11722CC9E8B0049DBFF /* PBXContainerItemProxy */;
		};
		EC4DF12322CC9E8B0049DBFF /* PBXTargetDependency */ = {
			isa = PBXTargetDependency;
			target = EC4DF0FD22CC9E8A0049DBFF /* ZASmartDownloader */;
			targetProxy = EC4DF12222CC9E8B0049DBFF /* PBXContainerItemProxy */;
		};
/* End PBXTargetDependency section */

/* Begin PBXVariantGroup section */
		EC4DF10722CC9E8A0049DBFF /* Main.storyboard */ = {
			isa = PBXVariantGroup;
			children = (
				EC4DF10822CC9E8A0049DBFF /* Base */,
			);
			name = Main.storyboard;
			sourceTree = "<group>";
		};
		EC4DF10C22CC9E8A0049DBFF /* LaunchScreen.storyboard */ = {
			isa = PBXVariantGroup;
			children = (
				EC4DF10D22CC9E8A0049DBFF /* Base */,
			);
			name = LaunchScreen.storyboard;
			sourceTree = "<group>";
		};
/* End PBXVariantGroup section */

/* Begin XCBuildConfiguration section */
		EC4DF12822CC9E8B0049DBFF /* Debug */ = {
			isa = XCBuildConfiguration;
			buildSettings = {
				ALWAYS_SEARCH_USER_PATHS = NO;
				CLANG_ANALYZER_NONNULL = YES;
				CLANG_ANALYZER_NUMBER_OBJECT_CONVERSION = YES_AGGRESSIVE;
				CLANG_CXX_LANGUAGE_STANDARD = "gnu++14";
				CLANG_CXX_LIBRARY = "libc++";
				CLANG_ENABLE_MODULES = YES;
				CLANG_ENABLE_OBJC_ARC = YES;
				CLANG_ENABLE_OBJC_WEAK = YES;
				CLANG_WARN_BLOCK_CAPTURE_AUTORELEASING = YES;
				CLANG_WARN_BOOL_CONVERSION = YES;
				CLANG_WARN_COMMA = YES;
				CLANG_WARN_CONSTANT_CONVERSION = YES;
				CLANG_WARN_DEPRECATED_OBJC_IMPLEMENTATIONS = YES;
				CLANG_WARN_DIRECT_OBJC_ISA_USAGE = YES_ERROR;
				CLANG_WARN_DOCUMENTATION_COMMENTS = YES;
				CLANG_WARN_EMPTY_BODY = YES;
				CLANG_WARN_ENUM_CONVERSION = YES;
				CLANG_WARN_INFINITE_RECURSION = YES;
				CLANG_WARN_INT_CONVERSION = YES;
				CLANG_WARN_NON_LITERAL_NULL_CONVERSION = YES;
				CLANG_WARN_OBJC_IMPLICIT_RETAIN_SELF = YES;
				CLANG_WARN_OBJC_LITERAL_CONVERSION = YES;
				CLANG_WARN_OBJC_ROOT_CLASS = YES_ERROR;
				CLANG_WARN_RANGE_LOOP_ANALYSIS = YES;
				CLANG_WARN_STRICT_PROTOTYPES = YES;
				CLANG_WARN_SUSPICIOUS_MOVE = YES;
				CLANG_WARN_UNGUARDED_AVAILABILITY = YES_AGGRESSIVE;
				CLANG_WARN_UNREACHABLE_CODE = YES;
				CLANG_WARN__DUPLICATE_METHOD_MATCH = YES;
				CODE_SIGN_IDENTITY = "iPhone Developer";
				COPY_PHASE_STRIP = NO;
				DEBUG_INFORMATION_FORMAT = dwarf;
				ENABLE_STRICT_OBJC_MSGSEND = YES;
				ENABLE_TESTABILITY = YES;
				GCC_C_LANGUAGE_STANDARD = gnu11;
				GCC_DYNAMIC_NO_PIC = NO;
				GCC_NO_COMMON_BLOCKS = YES;
				GCC_OPTIMIZATION_LEVEL = 0;
				GCC_PREPROCESSOR_DEFINITIONS = (
					"DEBUG=1",
					"$(inherited)",
				);
				GCC_WARN_64_TO_32_BIT_CONVERSION = YES;
				GCC_WARN_ABOUT_RETURN_TYPE = YES_ERROR;
				GCC_WARN_UNDECLARED_SELECTOR = YES;
				GCC_WARN_UNINITIALIZED_AUTOS = YES_AGGRESSIVE;
				GCC_WARN_UNUSED_FUNCTION = YES;
				GCC_WARN_UNUSED_VARIABLE = YES;
				IPHONEOS_DEPLOYMENT_TARGET = 12.2;
				MTL_ENABLE_DEBUG_INFO = INCLUDE_SOURCE;
				MTL_FAST_MATH = YES;
				ONLY_ACTIVE_ARCH = YES;
				SDKROOT = iphoneos;
			};
			name = Debug;
		};
		EC4DF12922CC9E8B0049DBFF /* Release */ = {
			isa = XCBuildConfiguration;
			buildSettings = {
				ALWAYS_SEARCH_USER_PATHS = NO;
				CLANG_ANALYZER_NONNULL = YES;
				CLANG_ANALYZER_NUMBER_OBJECT_CONVERSION = YES_AGGRESSIVE;
				CLANG_CXX_LANGUAGE_STANDARD = "gnu++14";
				CLANG_CXX_LIBRARY = "libc++";
				CLANG_ENABLE_MODULES = YES;
				CLANG_ENABLE_OBJC_ARC = YES;
				CLANG_ENABLE_OBJC_WEAK = YES;
				CLANG_WARN_BLOCK_CAPTURE_AUTORELEASING = YES;
				CLANG_WARN_BOOL_CONVERSION = YES;
				CLANG_WARN_COMMA = YES;
				CLANG_WARN_CONSTANT_CONVERSION = YES;
				CLANG_WARN_DEPRECATED_OBJC_IMPLEMENTATIONS = YES;
				CLANG_WARN_DIRECT_OBJC_ISA_USAGE = YES_ERROR;
				CLANG_WARN_DOCUMENTATION_COMMENTS = YES;
				CLANG_WARN_EMPTY_BODY = YES;
				CLANG_WARN_ENUM_CONVERSION = YES;
				CLANG_WARN_INFINITE_RECURSION = YES;
				CLANG_WARN_INT_CONVERSION = YES;
				CLANG_WARN_NON_LITERAL_NULL_CONVERSION = YES;
				CLANG_WARN_OBJC_IMPLICIT_RETAIN_SELF = YES;
				CLANG_WARN_OBJC_LITERAL_CONVERSION = YES;
				CLANG_WARN_OBJC_ROOT_CLASS = YES_ERROR;
				CLANG_WARN_RANGE_LOOP_ANALYSIS = YES;
				CLANG_WARN_STRICT_PROTOTYPES = YES;
				CLANG_WARN_SUSPICIOUS_MOVE = YES;
				CLANG_WARN_UNGUARDED_AVAILABILITY = YES_AGGRESSIVE;
				CLANG_WARN_UNREACHABLE_CODE = YES;
				CLANG_WARN__DUPLICATE_METHOD_MATCH = YES;
				CODE_SIGN_IDENTITY = "iPhone Developer";
				COPY_PHASE_STRIP = NO;
				DEBUG_INFORMATION_FORMAT = "dwarf-with-dsym";
				ENABLE_NS_ASSERTIONS = NO;
				ENABLE_STRICT_OBJC_MSGSEND = YES;
				GCC_C_LANGUAGE_STANDARD = gnu11;
				GCC_NO_COMMON_BLOCKS = YES;
				GCC_WARN_64_TO_32_BIT_CONVERSION = YES;
				GCC_WARN_ABOUT_RETURN_TYPE = YES_ERROR;
				GCC_WARN_UNDECLARED_SELECTOR = YES;
				GCC_WARN_UNINITIALIZED_AUTOS = YES_AGGRESSIVE;
				GCC_WARN_UNUSED_FUNCTION = YES;
				GCC_WARN_UNUSED_VARIABLE = YES;
				IPHONEOS_DEPLOYMENT_TARGET = 12.2;
				MTL_ENABLE_DEBUG_INFO = NO;
				MTL_FAST_MATH = YES;
				SDKROOT = iphoneos;
				VALIDATE_PRODUCT = YES;
			};
			name = Release;
		};
		EC4DF12B22CC9E8B0049DBFF /* Debug */ = {
			isa = XCBuildConfiguration;
			buildSettings = {
				ASSETCATALOG_COMPILER_APPICON_NAME = AppIcon;
				CODE_SIGN_STYLE = Automatic;
				DEVELOPMENT_TEAM = GSDWJHQ3A4;
				INFOPLIST_FILE = ZASmartDownloader/Info.plist;
				IPHONEOS_DEPLOYMENT_TARGET = 12.0;
				LD_RUNPATH_SEARCH_PATHS = (
					"$(inherited)",
					"@executable_path/Frameworks",
				);
				PRODUCT_BUNDLE_IDENTIFIER = vng.ZASmartDownloader;
				PRODUCT_NAME = "$(TARGET_NAME)";
				TARGETED_DEVICE_FAMILY = "1,2";
			};
			name = Debug;
		};
		EC4DF12C22CC9E8B0049DBFF /* Release */ = {
			isa = XCBuildConfiguration;
			buildSettings = {
				ASSETCATALOG_COMPILER_APPICON_NAME = AppIcon;
				CODE_SIGN_STYLE = Automatic;
				DEVELOPMENT_TEAM = GSDWJHQ3A4;
				INFOPLIST_FILE = ZASmartDownloader/Info.plist;
				IPHONEOS_DEPLOYMENT_TARGET = 12.0;
				LD_RUNPATH_SEARCH_PATHS = (
					"$(inherited)",
					"@executable_path/Frameworks",
				);
				PRODUCT_BUNDLE_IDENTIFIER = vng.ZASmartDownloader;
				PRODUCT_NAME = "$(TARGET_NAME)";
				TARGETED_DEVICE_FAMILY = "1,2";
			};
			name = Release;
		};
		EC4DF12E22CC9E8B0049DBFF /* Debug */ = {
			isa = XCBuildConfiguration;
			buildSettings = {
				BUNDLE_LOADER = "$(TEST_HOST)";
				CODE_SIGN_STYLE = Automatic;
				DEVELOPMENT_TEAM = GSDWJHQ3A4;
				INFOPLIST_FILE = ZASmartDownloaderTests/Info.plist;
				LD_RUNPATH_SEARCH_PATHS = (
					"$(inherited)",
					"@executable_path/Frameworks",
					"@loader_path/Frameworks",
				);
				PRODUCT_BUNDLE_IDENTIFIER = vng.ZASmartDownloaderTests;
				PRODUCT_NAME = "$(TARGET_NAME)";
				TARGETED_DEVICE_FAMILY = "1,2";
				TEST_HOST = "$(BUILT_PRODUCTS_DIR)/ZASmartDownloader.app/ZASmartDownloader";
			};
			name = Debug;
		};
		EC4DF12F22CC9E8B0049DBFF /* Release */ = {
			isa = XCBuildConfiguration;
			buildSettings = {
				BUNDLE_LOADER = "$(TEST_HOST)";
				CODE_SIGN_STYLE = Automatic;
				DEVELOPMENT_TEAM = GSDWJHQ3A4;
				INFOPLIST_FILE = ZASmartDownloaderTests/Info.plist;
				LD_RUNPATH_SEARCH_PATHS = (
					"$(inherited)",
					"@executable_path/Frameworks",
					"@loader_path/Frameworks",
				);
				PRODUCT_BUNDLE_IDENTIFIER = vng.ZASmartDownloaderTests;
				PRODUCT_NAME = "$(TARGET_NAME)";
				TARGETED_DEVICE_FAMILY = "1,2";
				TEST_HOST = "$(BUILT_PRODUCTS_DIR)/ZASmartDownloader.app/ZASmartDownloader";
			};
			name = Release;
		};
		EC4DF13122CC9E8B0049DBFF /* Debug */ = {
			isa = XCBuildConfiguration;
			buildSettings = {
				CODE_SIGN_STYLE = Automatic;
				DEVELOPMENT_TEAM = GSDWJHQ3A4;
				INFOPLIST_FILE = ZASmartDownloaderUITests/Info.plist;
				LD_RUNPATH_SEARCH_PATHS = (
					"$(inherited)",
					"@executable_path/Frameworks",
					"@loader_path/Frameworks",
				);
				PRODUCT_BUNDLE_IDENTIFIER = vng.ZASmartDownloaderUITests;
				PRODUCT_NAME = "$(TARGET_NAME)";
				TARGETED_DEVICE_FAMILY = "1,2";
				TEST_TARGET_NAME = ZASmartDownloader;
			};
			name = Debug;
		};
		EC4DF13222CC9E8B0049DBFF /* Release */ = {
			isa = XCBuildConfiguration;
			buildSettings = {
				CODE_SIGN_STYLE = Automatic;
				DEVELOPMENT_TEAM = GSDWJHQ3A4;
				INFOPLIST_FILE = ZASmartDownloaderUITests/Info.plist;
				LD_RUNPATH_SEARCH_PATHS = (
					"$(inherited)",
					"@executable_path/Frameworks",
					"@loader_path/Frameworks",
				);
				PRODUCT_BUNDLE_IDENTIFIER = vng.ZASmartDownloaderUITests;
				PRODUCT_NAME = "$(TARGET_NAME)";
				TARGETED_DEVICE_FAMILY = "1,2";
				TEST_TARGET_NAME = ZASmartDownloader;
			};
			name = Release;
		};
/* End XCBuildConfiguration section */

/* Begin XCConfigurationList section */
		EC4DF0F922CC9E8A0049DBFF /* Build configuration list for PBXProject "ZASmartDownloader" */ = {
			isa = XCConfigurationList;
			buildConfigurations = (
				EC4DF12822CC9E8B0049DBFF /* Debug */,
				EC4DF12922CC9E8B0049DBFF /* Release */,
			);
			defaultConfigurationIsVisible = 0;
			defaultConfigurationName = Release;
		};
		EC4DF12A22CC9E8B0049DBFF /* Build configuration list for PBXNativeTarget "ZASmartDownloader" */ = {
			isa = XCConfigurationList;
			buildConfigurations = (
				EC4DF12B22CC9E8B0049DBFF /* Debug */,
				EC4DF12C22CC9E8B0049DBFF /* Release */,
			);
			defaultConfigurationIsVisible = 0;
			defaultConfigurationName = Release;
		};
		EC4DF12D22CC9E8B0049DBFF /* Build configuration list for PBXNativeTarget "ZASmartDownloaderTests" */ = {
			isa = XCConfigurationList;
			buildConfigurations = (
				EC4DF12E22CC9E8B0049DBFF /* Debug */,
				EC4DF12F22CC9E8B0049DBFF /* Release */,
			);
			defaultConfigurationIsVisible = 0;
			defaultConfigurationName = Release;
		};
		EC4DF13022CC9E8B0049DBFF /* Build configuration list for PBXNativeTarget "ZASmartDownloaderUITests" */ = {
			isa = XCConfigurationList;
			buildConfigurations = (
				EC4DF13122CC9E8B0049DBFF /* Debug */,
				EC4DF13222CC9E8B0049DBFF /* Release */,
			);
			defaultConfigurationIsVisible = 0;
			defaultConfigurationName = Release;
		};
/* End XCConfigurationList section */
	};
	rootObject = EC4DF0F622CC9E8A0049DBFF /* Project object */;
}
